
Microsoft Visual Studio Solution File, Format Version 12.00
# Visual Studio 15
VisualStudioVersion = 15.0.28307.421
MinimumVisualStudioVersion = 10.0.40219.1
Project("{FAE04EC0-301F-11D3-BF4B-00C04F79EFBC}") = "LRU", "LRU\LRU.csproj", "{9FFC15D3-DCED-488C-A63B-9EDFDE69D44A}"
EndProject
Global
	GlobalSection(SolutionConfigurationPlatforms) = preSolution
		Debug|Any CPU = Debug|Any CPU
		Release|Any CPU = Release|Any CPU
	EndGlobalSection
	GlobalSection(ProjectConfigurationPlatforms) = postSolution
		{9FFC15D3-DCED-488C-A63B-9EDFDE69D44A}.Debug|Any CPU.ActiveCfg = Debug|Any CPU
		{9FFC15D3-DCED-488C-A63B-9EDFDE69D44A}.Debug|Any CPU.Build.0 = Debug|Any CPU
		{9FFC15D3-DCED-488C-A63B-9EDFDE69D44A}.Release|Any CPU.ActiveCfg = Release|Any CPU
		{9FFC15D3-DCED-488C-A63B-9EDFDE69D44A}.Release|Any CPU.Build.0 = Release|Any CPU
	EndGlobalSection
	GlobalSection(SolutionProperties) = preSolution
		HideSolutionNode = FALSE
	EndGlobalSection
	GlobalSection(ExtensibilityGlobals) = postSolution
		SolutionGuid = {1C79A6B0-4ABA-4B78-BC96-FF50F0CA5769}
	EndGlobalSection
EndGlobal
